
Microsoft Visual Studio Solution File, Format Version 12.00
# Visual Studio Version 16
VisualStudioVersion = 16.0.30517.126
MinimumVisualStudioVersion = 10.0.40219.1
Project("{FAE04EC0-301F-11D3-BF4B-00C04F79EFBC}") = "HalloWPFCore", "HalloWPF\HalloWPFCore.csproj", "{CBCCC579-8999-4992-A629-04CD71A61D25}"
EndProject
Project("{FAE04EC0-301F-11D3-BF4B-00C04F79EFBC}") = "HalloWPFApp", "HalloWPFApp\HalloWPFApp.csproj", "{EFA2CC13-8AF8-45EB-99C0-F5BABE420FF2}"
EndProject
Project("{FAE04EC0-301F-11D3-BF4B-00C04F79EFBC}") = "Demo_Buttons", "Demo_Buttons\Demo_Buttons.csproj", "{DBEB7BFC-F857-4086-811F-E5823DC4ADE7}"
EndProject
Project("{FAE04EC0-301F-11D3-BF4B-00C04F79EFBC}") = "Oefening1_WPF", "Oefening1_WPF\Oefening1_WPF.csproj", "{9DE7E7A2-A86E-48D3-9647-5FAA2322DCD3}"
EndProject
Global
	GlobalSection(SolutionConfigurationPlatforms) = preSolution
		Debug|Any CPU = Debug|Any CPU
		Release|Any CPU = Release|Any CPU
	EndGlobalSection
	GlobalSection(ProjectConfigurationPlatforms) = postSolution
		{CBCCC579-8999-4992-A629-04CD71A61D25}.Debug|Any CPU.ActiveCfg = Debug|Any CPU
		{CBCCC579-8999-4992-A629-04CD71A61D25}.Debug|Any CPU.Build.0 = Debug|Any CPU
		{CBCCC579-8999-4992-A629-04CD71A61D25}.Release|Any CPU.ActiveCfg = Release|Any CPU
		{CBCCC579-8999-4992-A629-04CD71A61D25}.Release|Any CPU.Build.0 = Release|Any CPU
		{EFA2CC13-8AF8-45EB-99C0-F5BABE420FF2}.Debug|Any CPU.ActiveCfg = Debug|Any CPU
		{EFA2CC13-8AF8-45EB-99C0-F5BABE420FF2}.Debug|Any CPU.Build.0 = Debug|Any CPU
		{EFA2CC13-8AF8-45EB-99C0-F5BABE420FF2}.Release|Any CPU.ActiveCfg = Release|Any CPU
		{EFA2CC13-8AF8-45EB-99C0-F5BABE420FF2}.Release|Any CPU.Build.0 = Release|Any CPU
		{DBEB7BFC-F857-4086-811F-E5823DC4ADE7}.Debug|Any CPU.ActiveCfg = Debug|Any CPU
		{DBEB7BFC-F857-4086-811F-E5823DC4ADE7}.Debug|Any CPU.Build.0 = Debug|Any CPU
		{DBEB7BFC-F857-4086-811F-E5823DC4ADE7}.Release|Any CPU.ActiveCfg = Release|Any CPU
		{DBEB7BFC-F857-4086-811F-E5823DC4ADE7}.Release|Any CPU.Build.0 = Release|Any CPU
		{9DE7E7A2-A86E-48D3-9647-5FAA2322DCD3}.Debug|Any CPU.ActiveCfg = Debug|Any CPU
		{9DE7E7A2-A86E-48D3-9647-5FAA2322DCD3}.Debug|Any CPU.Build.0 = Debug|Any CPU
		{9DE7E7A2-A86E-48D3-9647-5FAA2322DCD3}.Release|Any CPU.ActiveCfg = Release|Any CPU
		{9DE7E7A2-A86E-48D3-9647-5FAA2322DCD3}.Release|Any CPU.Build.0 = Release|Any CPU
	EndGlobalSection
	GlobalSection(SolutionProperties) = preSolution
		HideSolutionNode = FALSE
	EndGlobalSection
	GlobalSection(ExtensibilityGlobals) = postSolution
		SolutionGuid = {B911E8F4-C17B-40E3-886A-B1F1C6F6FA17}
	EndGlobalSection
EndGlobal
